
Microsoft Visual Studio Solution File, Format Version 12.00
# Visual Studio Version 16
VisualStudioVersion = 16.0.32929.386
MinimumVisualStudioVersion = 10.0.40219.1
Project("{FAE04EC0-301F-11D3-BF4B-00C04F79EFBC}") = "perfect number", "perfect number\perfect number.csproj", "{6690EB7A-3F02-46C4-986B-541CEB0141CE}"
EndProject
Global
	GlobalSection(SolutionConfigurationPlatforms) = preSolution
		Debug|Any CPU = Debug|Any CPU
		Release|Any CPU = Release|Any CPU
	EndGlobalSection
	GlobalSection(ProjectConfigurationPlatforms) = postSolution
		{6690EB7A-3F02-46C4-986B-541CEB0141CE}.Debug|Any CPU.ActiveCfg = Debug|Any CPU
		{6690EB7A-3F02-46C4-986B-541CEB0141CE}.Debug|Any CPU.Build.0 = Debug|Any CPU
		{6690EB7A-3F02-46C4-986B-541CEB0141CE}.Release|Any CPU.ActiveCfg = Release|Any CPU
		{6690EB7A-3F02-46C4-986B-541CEB0141CE}.Release|Any CPU.Build.0 = Release|Any CPU
	EndGlobalSection
	GlobalSection(SolutionProperties) = preSolution
		HideSolutionNode = FALSE
	EndGlobalSection
	GlobalSection(ExtensibilityGlobals) = postSolution
		SolutionGuid = {4B330EC3-83CD-4BF8-B303-0AB61C03EE3D}
	EndGlobalSection
EndGlobal
